
Microsoft Visual Studio Solution File, Format Version 12.00
# Visual Studio Version 17
VisualStudioVersion = 17.8.34316.72
MinimumVisualStudioVersion = 10.0.40219.1
Project("{FAE04EC0-301F-11D3-BF4B-00C04F79EFBC}") = "Missing Number", "Missing Number.csproj", "{AF35703E-9702-4FC2-9091-5159BBA2F6EF}"
EndProject
Global
	GlobalSection(SolutionConfigurationPlatforms) = preSolution
		Debug|Any CPU = Debug|Any CPU
		Release|Any CPU = Release|Any CPU
	EndGlobalSection
	GlobalSection(ProjectConfigurationPlatforms) = postSolution
		{AF35703E-9702-4FC2-9091-5159BBA2F6EF}.Debug|Any CPU.ActiveCfg = Debug|Any CPU
		{AF35703E-9702-4FC2-9091-5159BBA2F6EF}.Debug|Any CPU.Build.0 = Debug|Any CPU
		{AF35703E-9702-4FC2-9091-5159BBA2F6EF}.Release|Any CPU.ActiveCfg = Release|Any CPU
		{AF35703E-9702-4FC2-9091-5159BBA2F6EF}.Release|Any CPU.Build.0 = Release|Any CPU
	EndGlobalSection
	GlobalSection(SolutionProperties) = preSolution
		HideSolutionNode = FALSE
	EndGlobalSection
	GlobalSection(ExtensibilityGlobals) = postSolution
		SolutionGuid = {631AE47F-0F0E-4BCA-8D67-3DD052F8B7D8}
	EndGlobalSection
EndGlobal
