
Microsoft Visual Studio Solution File, Format Version 12.00
# Visual Studio Version 17
VisualStudioVersion = 17.8.34316.72
MinimumVisualStudioVersion = 10.0.40219.1
Project("{FAE04EC0-301F-11D3-BF4B-00C04F79EFBC}") = "reverse-integer", "reverse-integer.csproj", "{FD6C9315-DA26-4A79-8C79-4D3F28970F08}"
EndProject
Global
	GlobalSection(SolutionConfigurationPlatforms) = preSolution
		Debug|Any CPU = Debug|Any CPU
		Release|Any CPU = Release|Any CPU
	EndGlobalSection
	GlobalSection(ProjectConfigurationPlatforms) = postSolution
		{FD6C9315-DA26-4A79-8C79-4D3F28970F08}.Debug|Any CPU.ActiveCfg = Debug|Any CPU
		{FD6C9315-DA26-4A79-8C79-4D3F28970F08}.Debug|Any CPU.Build.0 = Debug|Any CPU
		{FD6C9315-DA26-4A79-8C79-4D3F28970F08}.Release|Any CPU.ActiveCfg = Release|Any CPU
		{FD6C9315-DA26-4A79-8C79-4D3F28970F08}.Release|Any CPU.Build.0 = Release|Any CPU
	EndGlobalSection
	GlobalSection(SolutionProperties) = preSolution
		HideSolutionNode = FALSE
	EndGlobalSection
	GlobalSection(ExtensibilityGlobals) = postSolution
		SolutionGuid = {14B10025-5458-417F-8461-621E78C09D1F}
	EndGlobalSection
EndGlobal
